
Microsoft Visual Studio Solution File, Format Version 12.00
# Visual Studio Version 16
VisualStudioVersion = 16.0.31205.134
MinimumVisualStudioVersion = 10.0.40219.1
Project("{FAE04EC0-301F-11D3-BF4B-00C04F79EFBC}") = "Exercise 01 - INTERFACE COMPARABLE", "Exercise 01 - INTERFACE COMPARABLE\Exercise 01 - INTERFACE COMPARABLE.csproj", "{B37DD8EB-9B44-455F-9933-DC67BB4B6EFF}"
EndProject
Global
	GlobalSection(SolutionConfigurationPlatforms) = preSolution
		Debug|Any CPU = Debug|Any CPU
		Release|Any CPU = Release|Any CPU
	EndGlobalSection
	GlobalSection(ProjectConfigurationPlatforms) = postSolution
		{B37DD8EB-9B44-455F-9933-DC67BB4B6EFF}.Debug|Any CPU.ActiveCfg = Debug|Any CPU
		{B37DD8EB-9B44-455F-9933-DC67BB4B6EFF}.Debug|Any CPU.Build.0 = Debug|Any CPU
		{B37DD8EB-9B44-455F-9933-DC67BB4B6EFF}.Release|Any CPU.ActiveCfg = Release|Any CPU
		{B37DD8EB-9B44-455F-9933-DC67BB4B6EFF}.Release|Any CPU.Build.0 = Release|Any CPU
	EndGlobalSection
	GlobalSection(SolutionProperties) = preSolution
		HideSolutionNode = FALSE
	EndGlobalSection
	GlobalSection(ExtensibilityGlobals) = postSolution
		SolutionGuid = {E3E3459F-CBCC-4F2E-88E3-9575C968E6B0}
	EndGlobalSection
EndGlobal
